
Microsoft Visual Studio Solution File, Format Version 12.00
# Visual Studio Version 16
VisualStudioVersion = 16.0.31005.135
MinimumVisualStudioVersion = 15.0.26124.0
Project("{2150E333-8FDC-42A3-9474-1A3956D46DE8}") = "src", "src", "{A2D27526-2A75-40A5-9857-FBC677D3A58F}"
EndProject
Project("{9A19103F-16F7-4668-BE54-9A1E7A4F7556}") = "IdentityServer", "src\IdentityServer\IdentityServer.csproj", "{75DC3F1E-E073-4237-9525-E61D564056EF}"
EndProject
Global
	GlobalSection(SolutionConfigurationPlatforms) = preSolution
		Debug|Any CPU = Debug|Any CPU
		Debug|x64 = Debug|x64
		Debug|x86 = Debug|x86
		Release|Any CPU = Release|Any CPU
		Release|x64 = Release|x64
		Release|x86 = Release|x86
	EndGlobalSection
	GlobalSection(ProjectConfigurationPlatforms) = postSolution
		{75DC3F1E-E073-4237-9525-E61D564056EF}.Debug|Any CPU.ActiveCfg = Debug|Any CPU
		{75DC3F1E-E073-4237-9525-E61D564056EF}.Debug|Any CPU.Build.0 = Debug|Any CPU
		{75DC3F1E-E073-4237-9525-E61D564056EF}.Debug|x64.ActiveCfg = Debug|Any CPU
		{75DC3F1E-E073-4237-9525-E61D564056EF}.Debug|x64.Build.0 = Debug|Any CPU
		{75DC3F1E-E073-4237-9525-E61D564056EF}.Debug|x86.ActiveCfg = Debug|Any CPU
		{75DC3F1E-E073-4237-9525-E61D564056EF}.Debug|x86.Build.0 = Debug|Any CPU
		{75DC3F1E-E073-4237-9525-E61D564056EF}.Release|Any CPU.ActiveCfg = Release|Any CPU
		{75DC3F1E-E073-4237-9525-E61D564056EF}.Release|Any CPU.Build.0 = Release|Any CPU
		{75DC3F1E-E073-4237-9525-E61D564056EF}.Release|x64.ActiveCfg = Release|Any CPU
		{75DC3F1E-E073-4237-9525-E61D564056EF}.Release|x64.Build.0 = Release|Any CPU
		{75DC3F1E-E073-4237-9525-E61D564056EF}.Release|x86.ActiveCfg = Release|Any CPU
		{75DC3F1E-E073-4237-9525-E61D564056EF}.Release|x86.Build.0 = Release|Any CPU
	EndGlobalSection
	GlobalSection(SolutionProperties) = preSolution
		HideSolutionNode = FALSE
	EndGlobalSection
	GlobalSection(NestedProjects) = preSolution
		{75DC3F1E-E073-4237-9525-E61D564056EF} = {A2D27526-2A75-40A5-9857-FBC677D3A58F}
	EndGlobalSection
	GlobalSection(ExtensibilityGlobals) = postSolution
		SolutionGuid = {2EE20CF7-F78B-4A7C-A343-F73F634F11FC}
	EndGlobalSection
EndGlobal
